<Solution>
  <Folder Name="/src/">
    <Project Path="src/ResonanceHunter.Core/ResonanceHunter.Core.csproj" />
    <Project Path="src/ResonanceHunter.Game/ResonanceHunter.Game.csproj" />
  </Folder>
  <Folder Name="/tests/" />
  <Folder Name="/tests/integration/">
    <Project Path="tests/integration/ResonanceHunter.Integration.Tests/ResonanceHunter.Integration.Tests.csproj" />
  </Folder>
  <Folder Name="/tests/unit/">
    <Project Path="tests/unit/ResonanceHunter.Core.Tests/ResonanceHunter.Core.Tests.csproj" />
  </Folder>
</Solution>
